
Microsoft Visual Studio Solution File, Format Version 12.00
# Visual Studio Version 16
VisualStudioVersion = 16.0.29324.140
MinimumVisualStudioVersion = 10.0.40219.1
Project("{8BC9CEB8-8B4A-11D0-8D11-00A0C91BC942}") = "CSCE 311 Project 2 SM", "CSCE 311 Project 2 SM\CSCE 311 Project 2 SM.vcxproj", "{BDE93F76-0423-4F1E-9B8F-F84AD3A365DB}"
EndProject
Global
	GlobalSection(SolutionConfigurationPlatforms) = preSolution
		Debug|ARM = Debug|ARM
		Debug|ARM64 = Debug|ARM64
		Debug|x64 = Debug|x64
		Debug|x86 = Debug|x86
		Release|ARM = Release|ARM
		Release|ARM64 = Release|ARM64
		Release|x64 = Release|x64
		Release|x86 = Release|x86
	EndGlobalSection
	GlobalSection(ProjectConfigurationPlatforms) = postSolution
		{BDE93F76-0423-4F1E-9B8F-F84AD3A365DB}.Debug|ARM.ActiveCfg = Debug|ARM
		{BDE93F76-0423-4F1E-9B8F-F84AD3A365DB}.Debug|ARM.Build.0 = Debug|ARM
		{BDE93F76-0423-4F1E-9B8F-F84AD3A365DB}.Debug|ARM.Deploy.0 = Debug|ARM
		{BDE93F76-0423-4F1E-9B8F-F84AD3A365DB}.Debug|ARM64.ActiveCfg = Debug|ARM64
		{BDE93F76-0423-4F1E-9B8F-F84AD3A365DB}.Debug|ARM64.Build.0 = Debug|ARM64
		{BDE93F76-0423-4F1E-9B8F-F84AD3A365DB}.Debug|ARM64.Deploy.0 = Debug|ARM64
		{BDE93F76-0423-4F1E-9B8F-F84AD3A365DB}.Debug|x64.ActiveCfg = Debug|x64
		{BDE93F76-0423-4F1E-9B8F-F84AD3A365DB}.Debug|x64.Build.0 = Debug|x64
		{BDE93F76-0423-4F1E-9B8F-F84AD3A365DB}.Debug|x64.Deploy.0 = Debug|x64
		{BDE93F76-0423-4F1E-9B8F-F84AD3A365DB}.Debug|x86.ActiveCfg = Debug|x86
		{BDE93F76-0423-4F1E-9B8F-F84AD3A365DB}.Debug|x86.Build.0 = Debug|x86
		{BDE93F76-0423-4F1E-9B8F-F84AD3A365DB}.Debug|x86.Deploy.0 = Debug|x86
		{BDE93F76-0423-4F1E-9B8F-F84AD3A365DB}.Release|ARM.ActiveCfg = Release|ARM
		{BDE93F76-0423-4F1E-9B8F-F84AD3A365DB}.Release|ARM.Build.0 = Release|ARM
		{BDE93F76-0423-4F1E-9B8F-F84AD3A365DB}.Release|ARM.Deploy.0 = Release|ARM
		{BDE93F76-0423-4F1E-9B8F-F84AD3A365DB}.Release|ARM64.ActiveCfg = Release|ARM64
		{BDE93F76-0423-4F1E-9B8F-F84AD3A365DB}.Release|ARM64.Build.0 = Release|ARM64
		{BDE93F76-0423-4F1E-9B8F-F84AD3A365DB}.Release|ARM64.Deploy.0 = Release|ARM64
		{BDE93F76-0423-4F1E-9B8F-F84AD3A365DB}.Release|x64.ActiveCfg = Release|x64
		{BDE93F76-0423-4F1E-9B8F-F84AD3A365DB}.Release|x64.Build.0 = Release|x64
		{BDE93F76-0423-4F1E-9B8F-F84AD3A365DB}.Release|x64.Deploy.0 = Release|x64
		{BDE93F76-0423-4F1E-9B8F-F84AD3A365DB}.Release|x86.ActiveCfg = Release|x86
		{BDE93F76-0423-4F1E-9B8F-F84AD3A365DB}.Release|x86.Build.0 = Release|x86
		{BDE93F76-0423-4F1E-9B8F-F84AD3A365DB}.Release|x86.Deploy.0 = Release|x86
	EndGlobalSection
	GlobalSection(SolutionProperties) = preSolution
		HideSolutionNode = FALSE
	EndGlobalSection
	GlobalSection(ExtensibilityGlobals) = postSolution
		SolutionGuid = {2E9FA917-DF75-4BED-8837-323ED0900FC7}
	EndGlobalSection
EndGlobal
